PODS:
  - Alamofire (5.0.0.beta.1)

DEPENDENCIES:
  - Alamofire (~> 5.0.0.beta.1)

SPEC REPOS:
  https://github.com/cocoapods/specs.git:
    - Alamofire

SPEC CHECKSUMS:
  Alamofire: 2ef6d6c984c5d21c366e9b41a9ae7dfee2b67a44

PODFILE CHECKSUM: 8f3f7894146c7b3cb77ea7e6bdc65c1e6a76a91e

COCOAPODS: 1.5.3
